
Microsoft Visual Studio Solution File, Format Version 12.00
# Visual Studio Version 16
VisualStudioVersion = 16.0.29009.5
MinimumVisualStudioVersion = 10.0.40219.1
Project("{2150E333-8FDC-42A3-9474-1A3956D46DE8}") = "src", "src", "{340A854D-5263-40D7-9163-64A54FF519F7}"
EndProject
Project("{2150E333-8FDC-42A3-9474-1A3956D46DE8}") = "test", "test", "{69BB8A18-BC2A-4B2D-A694-4F40B4DAF198}"
EndProject
Project("{9A19103F-16F7-4668-BE54-9A1E7A4F7556}") = "Shunmai.Bxb.Utilities", "Shunmai.Bxb.Utilities\Shunmai.Bxb.Utilities.csproj", "{A5974ABB-7FFE-4D1E-BF0D-18EE97C96F4D}"
EndProject
Project("{9A19103F-16F7-4668-BE54-9A1E7A4F7556}") = "Shunmai.Bxb.Repositories", "Shunmai.Bxb.Repositories\Shunmai.Bxb.Repositories.csproj", "{344386FD-6DBE-4886-BFEC-F884EA83503D}"
EndProject
Project("{9A19103F-16F7-4668-BE54-9A1E7A4F7556}") = "Shunmai.Bxb.Entities", "Shunmai.Bxb.Entities\Shunmai.Bxb.Entities.csproj", "{FAF8CD46-5687-4F9E-9583-60F590CFD1A6}"
EndProject
Project("{9A19103F-16F7-4668-BE54-9A1E7A4F7556}") = "Shunmai.Bxb.Common", "Shunmai.Bxb.Common\Shunmai.Bxb.Common.csproj", "{5D90DE93-6E08-4131-BCCA-76E541408E3A}"
EndProject
Project("{9A19103F-16F7-4668-BE54-9A1E7A4F7556}") = "Shunmai.Bxb.Api.App", "Shunmai.Bxb.Api.App\Shunmai.Bxb.Api.App.csproj", "{0238EBB2-CCDC-42BD-BAFE-DEEB466F2C16}"
EndProject
Project("{9A19103F-16F7-4668-BE54-9A1E7A4F7556}") = "Shunmai.Bxb.Api.Admin", "Shunmai.Bxb.Api.Admin\Shunmai.Bxb.Api.Admin.csproj", "{B4B7B43E-5C28-48D7-BBD1-AE161AD3C85E}"
EndProject
Project("{9A19103F-16F7-4668-BE54-9A1E7A4F7556}") = "Shunmai.Bxb.Utilities.UnitTests", "Shunmai.Bxb.Utilities.UnitTests\Shunmai.Bxb.Utilities.UnitTests.csproj", "{49AF8313-17A7-4AA6-9CE5-1A919DA66A2F}"
EndProject
Project("{9A19103F-16F7-4668-BE54-9A1E7A4F7556}") = "Shunmai.Bxb.Abstractions", "Shunmai.Bxb.Abstractions\Shunmai.Bxb.Abstractions.csproj", "{732B4407-E686-4D92-B754-54F81C982B79}"
EndProject
Project("{9A19103F-16F7-4668-BE54-9A1E7A4F7556}") = "Shunmai.Bxb.Cache", "Shunmai.Bxb.Cache\Shunmai.Bxb.Cache.csproj", "{C5677399-1AA3-4ECD-97DF-B1CB853161AB}"
EndProject
Project("{9A19103F-16F7-4668-BE54-9A1E7A4F7556}") = "Shunmai.Bxb.Services", "Shunmai.Bxb.Services\Shunmai.Bxb.Services.csproj", "{1C0BFB84-B3E8-42D8-B98C-F32F6C34D144}"
EndProject
Project("{9A19103F-16F7-4668-BE54-9A1E7A4F7556}") = "Shunmai.Bxb.Api.Admin.UnitTests", "Shunmai.Bxb.Api.Admin.UnitTests\Shunmai.Bxb.Api.Admin.UnitTests.csproj", "{7A658ACA-EF90-46C3-824B-2872232C3D84}"
EndProject
Project("{9A19103F-16F7-4668-BE54-9A1E7A4F7556}") = "Shunmai.Bxb.Services.UnitTests", "Shunmai.Bxb.Services.UnitTests\Shunmai.Bxb.Services.UnitTests.csproj", "{3B4CF893-0AF3-422A-AFBE-1991502E8990}"
EndProject
Project("{9A19103F-16F7-4668-BE54-9A1E7A4F7556}") = "Shunmai.Bxb.Timer", "Shunmai.Bxb.Timer\Shunmai.Bxb.Timer.csproj", "{C9CFC65E-6AD6-49DB-AFFD-B24A5DC17791}"
EndProject
Global
	GlobalSection(SolutionConfigurationPlatforms) = preSolution
		Debug|Any CPU = Debug|Any CPU
		Release|Any CPU = Release|Any CPU
	EndGlobalSection
	GlobalSection(ProjectConfigurationPlatforms) = postSolution
		{A5974ABB-7FFE-4D1E-BF0D-18EE97C96F4D}.Debug|Any CPU.ActiveCfg = Debug|Any CPU
		{A5974ABB-7FFE-4D1E-BF0D-18EE97C96F4D}.Debug|Any CPU.Build.0 = Debug|Any CPU
		{A5974ABB-7FFE-4D1E-BF0D-18EE97C96F4D}.Release|Any CPU.ActiveCfg = Release|Any CPU
		{A5974ABB-7FFE-4D1E-BF0D-18EE97C96F4D}.Release|Any CPU.Build.0 = Release|Any CPU
		{344386FD-6DBE-4886-BFEC-F884EA83503D}.Debug|Any CPU.ActiveCfg = Debug|Any CPU
		{344386FD-6DBE-4886-BFEC-F884EA83503D}.Debug|Any CPU.Build.0 = Debug|Any CPU
		{344386FD-6DBE-4886-BFEC-F884EA83503D}.Release|Any CPU.ActiveCfg = Release|Any CPU
		{344386FD-6DBE-4886-BFEC-F884EA83503D}.Release|Any CPU.Build.0 = Release|Any CPU
		{FAF8CD46-5687-4F9E-9583-60F590CFD1A6}.Debug|Any CPU.ActiveCfg = Debug|Any CPU
		{FAF8CD46-5687-4F9E-9583-60F590CFD1A6}.Debug|Any CPU.Build.0 = Debug|Any CPU
		{FAF8CD46-5687-4F9E-9583-60F590CFD1A6}.Release|Any CPU.ActiveCfg = Release|Any CPU
		{FAF8CD46-5687-4F9E-9583-60F590CFD1A6}.Release|Any CPU.Build.0 = Release|Any CPU
		{5D90DE93-6E08-4131-BCCA-76E541408E3A}.Debug|Any CPU.ActiveCfg = Debug|Any CPU
		{5D90DE93-6E08-4131-BCCA-76E541408E3A}.Debug|Any CPU.Build.0 = Debug|Any CPU
		{5D90DE93-6E08-4131-BCCA-76E541408E3A}.Release|Any CPU.ActiveCfg = Release|Any CPU
		{5D90DE93-6E08-4131-BCCA-76E541408E3A}.Release|Any CPU.Build.0 = Release|Any CPU
		{0238EBB2-CCDC-42BD-BAFE-DEEB466F2C16}.Debug|Any CPU.ActiveCfg = Debug|Any CPU
		{0238EBB2-CCDC-42BD-BAFE-DEEB466F2C16}.Debug|Any CPU.Build.0 = Debug|Any CPU
		{0238EBB2-CCDC-42BD-BAFE-DEEB466F2C16}.Release|Any CPU.ActiveCfg = Release|Any CPU
		{0238EBB2-CCDC-42BD-BAFE-DEEB466F2C16}.Release|Any CPU.Build.0 = Release|Any CPU
		{B4B7B43E-5C28-48D7-BBD1-AE161AD3C85E}.Debug|Any CPU.ActiveCfg = Debug|Any CPU
		{B4B7B43E-5C28-48D7-BBD1-AE161AD3C85E}.Debug|Any CPU.Build.0 = Debug|Any CPU
		{B4B7B43E-5C28-48D7-BBD1-AE161AD3C85E}.Release|Any CPU.ActiveCfg = Release|Any CPU
		{B4B7B43E-5C28-48D7-BBD1-AE161AD3C85E}.Release|Any CPU.Build.0 = Release|Any CPU
		{49AF8313-17A7-4AA6-9CE5-1A919DA66A2F}.Debug|Any CPU.ActiveCfg = Debug|Any CPU
		{49AF8313-17A7-4AA6-9CE5-1A919DA66A2F}.Debug|Any CPU.Build.0 = Debug|Any CPU
		{49AF8313-17A7-4AA6-9CE5-1A919DA66A2F}.Release|Any CPU.ActiveCfg = Release|Any CPU
		{49AF8313-17A7-4AA6-9CE5-1A919DA66A2F}.Release|Any CPU.Build.0 = Release|Any CPU
		{732B4407-E686-4D92-B754-54F81C982B79}.Debug|Any CPU.ActiveCfg = Debug|Any CPU
		{732B4407-E686-4D92-B754-54F81C982B79}.Debug|Any CPU.Build.0 = Debug|Any CPU
		{732B4407-E686-4D92-B754-54F81C982B79}.Release|Any CPU.ActiveCfg = Release|Any CPU
		{732B4407-E686-4D92-B754-54F81C982B79}.Release|Any CPU.Build.0 = Release|Any CPU
		{C5677399-1AA3-4ECD-97DF-B1CB853161AB}.Debug|Any CPU.ActiveCfg = Debug|Any CPU
		{C5677399-1AA3-4ECD-97DF-B1CB853161AB}.Debug|Any CPU.Build.0 = Debug|Any CPU
		{C5677399-1AA3-4ECD-97DF-B1CB853161AB}.Release|Any CPU.ActiveCfg = Release|Any CPU
		{C5677399-1AA3-4ECD-97DF-B1CB853161AB}.Release|Any CPU.Build.0 = Release|Any CPU
		{1C0BFB84-B3E8-42D8-B98C-F32F6C34D144}.Debug|Any CPU.ActiveCfg = Debug|Any CPU
		{1C0BFB84-B3E8-42D8-B98C-F32F6C34D144}.Debug|Any CPU.Build.0 = Debug|Any CPU
		{1C0BFB84-B3E8-42D8-B98C-F32F6C34D144}.Release|Any CPU.ActiveCfg = Release|Any CPU
		{1C0BFB84-B3E8-42D8-B98C-F32F6C34D144}.Release|Any CPU.Build.0 = Release|Any CPU
		{7A658ACA-EF90-46C3-824B-2872232C3D84}.Debug|Any CPU.ActiveCfg = Debug|Any CPU
		{7A658ACA-EF90-46C3-824B-2872232C3D84}.Debug|Any CPU.Build.0 = Debug|Any CPU
		{7A658ACA-EF90-46C3-824B-2872232C3D84}.Release|Any CPU.ActiveCfg = Release|Any CPU
		{7A658ACA-EF90-46C3-824B-2872232C3D84}.Release|Any CPU.Build.0 = Release|Any CPU
		{3B4CF893-0AF3-422A-AFBE-1991502E8990}.Debug|Any CPU.ActiveCfg = Debug|Any CPU
		{3B4CF893-0AF3-422A-AFBE-1991502E8990}.Debug|Any CPU.Build.0 = Debug|Any CPU
		{3B4CF893-0AF3-422A-AFBE-1991502E8990}.Release|Any CPU.ActiveCfg = Release|Any CPU
		{3B4CF893-0AF3-422A-AFBE-1991502E8990}.Release|Any CPU.Build.0 = Release|Any CPU
		{C9CFC65E-6AD6-49DB-AFFD-B24A5DC17791}.Debug|Any CPU.ActiveCfg = Debug|Any CPU
		{C9CFC65E-6AD6-49DB-AFFD-B24A5DC17791}.Debug|Any CPU.Build.0 = Debug|Any CPU
		{C9CFC65E-6AD6-49DB-AFFD-B24A5DC17791}.Release|Any CPU.ActiveCfg = Release|Any CPU
		{C9CFC65E-6AD6-49DB-AFFD-B24A5DC17791}.Release|Any CPU.Build.0 = Release|Any CPU
	EndGlobalSection
	GlobalSection(SolutionProperties) = preSolution
		HideSolutionNode = FALSE
	EndGlobalSection
	GlobalSection(NestedProjects) = preSolution
		{A5974ABB-7FFE-4D1E-BF0D-18EE97C96F4D} = {340A854D-5263-40D7-9163-64A54FF519F7}
		{344386FD-6DBE-4886-BFEC-F884EA83503D} = {340A854D-5263-40D7-9163-64A54FF519F7}
		{FAF8CD46-5687-4F9E-9583-60F590CFD1A6} = {340A854D-5263-40D7-9163-64A54FF519F7}
		{5D90DE93-6E08-4131-BCCA-76E541408E3A} = {340A854D-5263-40D7-9163-64A54FF519F7}
		{0238EBB2-CCDC-42BD-BAFE-DEEB466F2C16} = {340A854D-5263-40D7-9163-64A54FF519F7}
		{B4B7B43E-5C28-48D7-BBD1-AE161AD3C85E} = {340A854D-5263-40D7-9163-64A54FF519F7}
		{49AF8313-17A7-4AA6-9CE5-1A919DA66A2F} = {69BB8A18-BC2A-4B2D-A694-4F40B4DAF198}
		{732B4407-E686-4D92-B754-54F81C982B79} = {340A854D-5263-40D7-9163-64A54FF519F7}
		{C5677399-1AA3-4ECD-97DF-B1CB853161AB} = {340A854D-5263-40D7-9163-64A54FF519F7}
		{1C0BFB84-B3E8-42D8-B98C-F32F6C34D144} = {340A854D-5263-40D7-9163-64A54FF519F7}
		{7A658ACA-EF90-46C3-824B-2872232C3D84} = {69BB8A18-BC2A-4B2D-A694-4F40B4DAF198}
		{3B4CF893-0AF3-422A-AFBE-1991502E8990} = {69BB8A18-BC2A-4B2D-A694-4F40B4DAF198}
		{C9CFC65E-6AD6-49DB-AFFD-B24A5DC17791} = {340A854D-5263-40D7-9163-64A54FF519F7}
	EndGlobalSection
	GlobalSection(ExtensibilityGlobals) = postSolution
		SolutionGuid = {A228C1CA-162E-43CD-B930-5A245D3ECACF}
	EndGlobalSection
EndGlobal
